
Microsoft Visual Studio Solution File, Format Version 12.00
# Visual Studio Version 17
VisualStudioVersion = 17.6.33723.286
MinimumVisualStudioVersion = 10.0.40219.1
Project("{8BC9CEB8-8B4A-11D0-8D11-00A0C91BC942}") = "Pong", "Pong\Pong.vcxproj", "{0EAE5895-4DD6-451D-A663-2DF58DCF5D50}"
EndProject
Global
	GlobalSection(SolutionConfigurationPlatforms) = preSolution
		Debug|x64 = Debug|x64
		Debug|x86 = Debug|x86
		Release|x64 = Release|x64
		Release|x86 = Release|x86
	EndGlobalSection
	GlobalSection(ProjectConfigurationPlatforms) = postSolution
		{0EAE5895-4DD6-451D-A663-2DF58DCF5D50}.Debug|x64.ActiveCfg = Debug|x64
		{0EAE5895-4DD6-451D-A663-2DF58DCF5D50}.Debug|x64.Build.0 = Debug|x64
		{0EAE5895-4DD6-451D-A663-2DF58DCF5D50}.Debug|x86.ActiveCfg = Debug|Win32
		{0EAE5895-4DD6-451D-A663-2DF58DCF5D50}.Debug|x86.Build.0 = Debug|Win32
		{0EAE5895-4DD6-451D-A663-2DF58DCF5D50}.Release|x64.ActiveCfg = Release|x64
		{0EAE5895-4DD6-451D-A663-2DF58DCF5D50}.Release|x64.Build.0 = Release|x64
		{0EAE5895-4DD6-451D-A663-2DF58DCF5D50}.Release|x86.ActiveCfg = Release|Win32
		{0EAE5895-4DD6-451D-A663-2DF58DCF5D50}.Release|x86.Build.0 = Release|Win32
	EndGlobalSection
	GlobalSection(SolutionProperties) = preSolution
		HideSolutionNode = FALSE
	EndGlobalSection
	GlobalSection(ExtensibilityGlobals) = postSolution
		SolutionGuid = {1E5410BA-F376-4ADA-B40F-3B894651B1C4}
	EndGlobalSection
EndGlobal
